
Microsoft Visual Studio Solution File, Format Version 12.00
# Visual Studio 14
VisualStudioVersion = 14.0.25420.1
MinimumVisualStudioVersion = 10.0.40219.1
Project("{2150E333-8FDC-42A3-9474-1A3956D46DE8}") = "Solution Items", "Solution Items", "{EE482CA5-B559-4A89-A62D-A4A1C10864DE}"
	ProjectSection(SolutionItems) = preProject
		ReadMe.txt = ReadMe.txt
	EndProjectSection
EndProject
Project("{2150E333-8FDC-42A3-9474-1A3956D46DE8}") = "WCF", "WCF", "{BF64CAA9-6E48-4BC0-B940-08A9AF349BA9}"
EndProject
Project("{2150E333-8FDC-42A3-9474-1A3956D46DE8}") = "Serialization", "Serialization", "{5B8EDCC8-EA4F-4365-AAB2-E9154B1E4A2A}"
EndProject
Project("{2150E333-8FDC-42A3-9474-1A3956D46DE8}") = "ServiceContract", "ServiceContract", "{950F5F36-3EDA-41CF-8B39-35FED94756DF}"
EndProject
Project("{2150E333-8FDC-42A3-9474-1A3956D46DE8}") = "ExceptionFault", "ExceptionFault", "{8AAF0EF0-53D6-4A53-852D-77FABC8926FC}"
EndProject
Project("{2150E333-8FDC-42A3-9474-1A3956D46DE8}") = "Duplex", "Duplex", "{BBAE742B-F88F-4CF2-B496-1F11B1E8C4D8}"
EndProject
Project("{FAE04EC0-301F-11D3-BF4B-00C04F79EFBC}") = "MathServiceLibrary", "ServiceContract\MathServiceLibrary\MathServiceLibrary.csproj", "{51DD3A00-831B-4FFD-9316-B60E17392935}"
EndProject
Project("{FAE04EC0-301F-11D3-BF4B-00C04F79EFBC}") = "ServiceHostApp", "ServiceContract\ServiceHostApp\ServiceHostApp.csproj", "{F4751896-585F-496E-A478-99EBB336903C}"
EndProject
Project("{FAE04EC0-301F-11D3-BF4B-00C04F79EFBC}") = "MathServiceClient", "ServiceContract\MathServiceClient\MathServiceClient.csproj", "{A1E845A6-FCBD-48AA-B5B0-D523F5AAB183}"
EndProject
Global
	GlobalSection(SolutionConfigurationPlatforms) = preSolution
		Debug|Any CPU = Debug|Any CPU
		Release|Any CPU = Release|Any CPU
	EndGlobalSection
	GlobalSection(ProjectConfigurationPlatforms) = postSolution
		{51DD3A00-831B-4FFD-9316-B60E17392935}.Debug|Any CPU.ActiveCfg = Debug|Any CPU
		{51DD3A00-831B-4FFD-9316-B60E17392935}.Debug|Any CPU.Build.0 = Debug|Any CPU
		{51DD3A00-831B-4FFD-9316-B60E17392935}.Release|Any CPU.ActiveCfg = Release|Any CPU
		{51DD3A00-831B-4FFD-9316-B60E17392935}.Release|Any CPU.Build.0 = Release|Any CPU
		{F4751896-585F-496E-A478-99EBB336903C}.Debug|Any CPU.ActiveCfg = Debug|Any CPU
		{F4751896-585F-496E-A478-99EBB336903C}.Debug|Any CPU.Build.0 = Debug|Any CPU
		{F4751896-585F-496E-A478-99EBB336903C}.Release|Any CPU.ActiveCfg = Release|Any CPU
		{F4751896-585F-496E-A478-99EBB336903C}.Release|Any CPU.Build.0 = Release|Any CPU
		{A1E845A6-FCBD-48AA-B5B0-D523F5AAB183}.Debug|Any CPU.ActiveCfg = Debug|Any CPU
		{A1E845A6-FCBD-48AA-B5B0-D523F5AAB183}.Debug|Any CPU.Build.0 = Debug|Any CPU
		{A1E845A6-FCBD-48AA-B5B0-D523F5AAB183}.Release|Any CPU.ActiveCfg = Release|Any CPU
		{A1E845A6-FCBD-48AA-B5B0-D523F5AAB183}.Release|Any CPU.Build.0 = Release|Any CPU
	EndGlobalSection
	GlobalSection(SolutionProperties) = preSolution
		HideSolutionNode = FALSE
	EndGlobalSection
	GlobalSection(NestedProjects) = preSolution
		{5B8EDCC8-EA4F-4365-AAB2-E9154B1E4A2A} = {BF64CAA9-6E48-4BC0-B940-08A9AF349BA9}
		{950F5F36-3EDA-41CF-8B39-35FED94756DF} = {BF64CAA9-6E48-4BC0-B940-08A9AF349BA9}
		{8AAF0EF0-53D6-4A53-852D-77FABC8926FC} = {BF64CAA9-6E48-4BC0-B940-08A9AF349BA9}
		{BBAE742B-F88F-4CF2-B496-1F11B1E8C4D8} = {950F5F36-3EDA-41CF-8B39-35FED94756DF}
		{51DD3A00-831B-4FFD-9316-B60E17392935} = {950F5F36-3EDA-41CF-8B39-35FED94756DF}
		{F4751896-585F-496E-A478-99EBB336903C} = {950F5F36-3EDA-41CF-8B39-35FED94756DF}
		{A1E845A6-FCBD-48AA-B5B0-D523F5AAB183} = {950F5F36-3EDA-41CF-8B39-35FED94756DF}
	EndGlobalSection
EndGlobal
