
Microsoft Visual Studio Solution File, Format Version 12.00
# Visual Studio 14
VisualStudioVersion = 14.0.25420.1
MinimumVisualStudioVersion = 10.0.40219.1
Project("{2150E333-8FDC-42A3-9474-1A3956D46DE8}") = "Solution Items", "Solution Items", "{EE482CA5-B559-4A89-A62D-A4A1C10864DE}"
	ProjectSection(SolutionItems) = preProject
		ReadMe.txt = ReadMe.txt
	EndProjectSection
EndProject
Project("{2150E333-8FDC-42A3-9474-1A3956D46DE8}") = "WCF", "WCF", "{BF64CAA9-6E48-4BC0-B940-08A9AF349BA9}"
EndProject
Project("{2150E333-8FDC-42A3-9474-1A3956D46DE8}") = "Serialization", "Serialization", "{5B8EDCC8-EA4F-4365-AAB2-E9154B1E4A2A}"
EndProject
Project("{2150E333-8FDC-42A3-9474-1A3956D46DE8}") = "ServiceContract", "ServiceContract", "{950F5F36-3EDA-41CF-8B39-35FED94756DF}"
EndProject
Project("{2150E333-8FDC-42A3-9474-1A3956D46DE8}") = "ExceptionFaults", "ExceptionFaults", "{8AAF0EF0-53D6-4A53-852D-77FABC8926FC}"
EndProject
Project("{2150E333-8FDC-42A3-9474-1A3956D46DE8}") = "Duplex", "Duplex", "{BBAE742B-F88F-4CF2-B496-1F11B1E8C4D8}"
EndProject
Project("{2150E333-8FDC-42A3-9474-1A3956D46DE8}") = "Security", "Security", "{6BB70A3F-89F2-4D91-9822-E81AF999AC96}"
EndProject
Project("{FAE04EC0-301F-11D3-BF4B-00C04F79EFBC}") = "EvalServiceLibrary", "Security\EvalServiceLibrary\EvalServiceLibrary.csproj", "{9C0B694A-7F6A-4ED4-8940-57BA34424F68}"
EndProject
Project("{FAE04EC0-301F-11D3-BF4B-00C04F79EFBC}") = "ServiceHostApp", "Security\ServiceHost\ServiceHostApp.csproj", "{5D94EAC8-02A9-46E7-BE97-B7C66D393A57}"
EndProject
Project("{FAE04EC0-301F-11D3-BF4B-00C04F79EFBC}") = "SecurityClient", "Security\SecurityClient\SecurityClient.csproj", "{72CB4CFD-970A-4019-969E-08FF710A0CC5}"
EndProject
Global
	GlobalSection(SolutionConfigurationPlatforms) = preSolution
		Debug|Any CPU = Debug|Any CPU
		Release|Any CPU = Release|Any CPU
	EndGlobalSection
	GlobalSection(ProjectConfigurationPlatforms) = postSolution
		{9C0B694A-7F6A-4ED4-8940-57BA34424F68}.Debug|Any CPU.ActiveCfg = Debug|Any CPU
		{9C0B694A-7F6A-4ED4-8940-57BA34424F68}.Debug|Any CPU.Build.0 = Debug|Any CPU
		{9C0B694A-7F6A-4ED4-8940-57BA34424F68}.Release|Any CPU.ActiveCfg = Release|Any CPU
		{9C0B694A-7F6A-4ED4-8940-57BA34424F68}.Release|Any CPU.Build.0 = Release|Any CPU
		{5D94EAC8-02A9-46E7-BE97-B7C66D393A57}.Debug|Any CPU.ActiveCfg = Debug|Any CPU
		{5D94EAC8-02A9-46E7-BE97-B7C66D393A57}.Debug|Any CPU.Build.0 = Debug|Any CPU
		{5D94EAC8-02A9-46E7-BE97-B7C66D393A57}.Release|Any CPU.ActiveCfg = Release|Any CPU
		{5D94EAC8-02A9-46E7-BE97-B7C66D393A57}.Release|Any CPU.Build.0 = Release|Any CPU
		{72CB4CFD-970A-4019-969E-08FF710A0CC5}.Debug|Any CPU.ActiveCfg = Debug|Any CPU
		{72CB4CFD-970A-4019-969E-08FF710A0CC5}.Debug|Any CPU.Build.0 = Debug|Any CPU
		{72CB4CFD-970A-4019-969E-08FF710A0CC5}.Release|Any CPU.ActiveCfg = Release|Any CPU
		{72CB4CFD-970A-4019-969E-08FF710A0CC5}.Release|Any CPU.Build.0 = Release|Any CPU
	EndGlobalSection
	GlobalSection(SolutionProperties) = preSolution
		HideSolutionNode = FALSE
	EndGlobalSection
	GlobalSection(NestedProjects) = preSolution
		{5B8EDCC8-EA4F-4365-AAB2-E9154B1E4A2A} = {BF64CAA9-6E48-4BC0-B940-08A9AF349BA9}
		{950F5F36-3EDA-41CF-8B39-35FED94756DF} = {BF64CAA9-6E48-4BC0-B940-08A9AF349BA9}
		{8AAF0EF0-53D6-4A53-852D-77FABC8926FC} = {BF64CAA9-6E48-4BC0-B940-08A9AF349BA9}
		{BBAE742B-F88F-4CF2-B496-1F11B1E8C4D8} = {950F5F36-3EDA-41CF-8B39-35FED94756DF}
		{6BB70A3F-89F2-4D91-9822-E81AF999AC96} = {BF64CAA9-6E48-4BC0-B940-08A9AF349BA9}
		{9C0B694A-7F6A-4ED4-8940-57BA34424F68} = {6BB70A3F-89F2-4D91-9822-E81AF999AC96}
		{5D94EAC8-02A9-46E7-BE97-B7C66D393A57} = {6BB70A3F-89F2-4D91-9822-E81AF999AC96}
		{72CB4CFD-970A-4019-969E-08FF710A0CC5} = {6BB70A3F-89F2-4D91-9822-E81AF999AC96}
	EndGlobalSection
EndGlobal
